
Microsoft Visual Studio Solution File, Format Version 12.00
# Visual Studio Version 17
VisualStudioVersion = 17.0.31903.59
MinimumVisualStudioVersion = 10.0.40219.1
Project("{2150E333-8FDC-42A3-9474-1A3956D46DE8}") = "src", "src", "{EDE0606A-F12A-4A87-A5B5-385AF8314154}"
EndProject
Project("{FAE04EC0-301F-11D3-BF4B-00C04F79EFBC}") = "CasaTimo.Web", "src\CasaTimo.Web\CasaTimo.Web.csproj", "{31BDE382-CC68-42C5-9DA2-30C55840998F}"
EndProject
Project("{FAE04EC0-301F-11D3-BF4B-00C04F79EFBC}") = "CasaTimo.Api", "src\CasaTimo.Api\CasaTimo.Api.csproj", "{597D4EBA-8C57-4A0E-9EE6-8F47B4A32BF9}"
EndProject
Project("{FAE04EC0-301F-11D3-BF4B-00C04F79EFBC}") = "CasaTimo.Core", "src\CasaTimo.Core\CasaTimo.Core.csproj", "{DBEF2BCB-4126-4281-A0FC-5B59FFDF4C76}"
EndProject
Project("{FAE04EC0-301F-11D3-BF4B-00C04F79EFBC}") = "CasaTimo.Infrastructure", "src\CasaTimo.Infrastructure\CasaTimo.Infrastructure.csproj", "{2E790365-1671-42FF-8CA0-FEE3C30450EC}"
EndProject
Project("{FAE04EC0-301F-11D3-BF4B-00C04F79EFBC}") = "CasaTimo.Workers", "src\CasaTimo.Workers\CasaTimo.Workers.csproj", "{3198BF65-26B0-4872-BB42-602CA3EA8213}"
EndProject
Project("{FAE04EC0-301F-11D3-BF4B-00C04F79EFBC}") = "CasaTimo.Api.Tests", "src\CasaTimo.Api.Tests\CasaTimo.Api.Tests.csproj", "{D8B3618F-C2C2-4BFF-A23A-A96FD63F5616}"
EndProject
Global
	GlobalSection(SolutionConfigurationPlatforms) = preSolution
		Debug|Any CPU = Debug|Any CPU
		Debug|x64 = Debug|x64
		Debug|x86 = Debug|x86
		Release|Any CPU = Release|Any CPU
		Release|x64 = Release|x64
		Release|x86 = Release|x86
	EndGlobalSection
	GlobalSection(ProjectConfigurationPlatforms) = postSolution
		{31BDE382-CC68-42C5-9DA2-30C55840998F}.Debug|Any CPU.ActiveCfg = Debug|Any CPU
		{31BDE382-CC68-42C5-9DA2-30C55840998F}.Debug|Any CPU.Build.0 = Debug|Any CPU
		{31BDE382-CC68-42C5-9DA2-30C55840998F}.Debug|x64.ActiveCfg = Debug|Any CPU
		{31BDE382-CC68-42C5-9DA2-30C55840998F}.Debug|x64.Build.0 = Debug|Any CPU
		{31BDE382-CC68-42C5-9DA2-30C55840998F}.Debug|x86.ActiveCfg = Debug|Any CPU
		{31BDE382-CC68-42C5-9DA2-30C55840998F}.Debug|x86.Build.0 = Debug|Any CPU
		{31BDE382-CC68-42C5-9DA2-30C55840998F}.Release|Any CPU.ActiveCfg = Release|Any CPU
		{31BDE382-CC68-42C5-9DA2-30C55840998F}.Release|Any CPU.Build.0 = Release|Any CPU
		{31BDE382-CC68-42C5-9DA2-30C55840998F}.Release|x64.ActiveCfg = Release|Any CPU
		{31BDE382-CC68-42C5-9DA2-30C55840998F}.Release|x64.Build.0 = Release|Any CPU
		{31BDE382-CC68-42C5-9DA2-30C55840998F}.Release|x86.ActiveCfg = Release|Any CPU
		{31BDE382-CC68-42C5-9DA2-30C55840998F}.Release|x86.Build.0 = Release|Any CPU
		{597D4EBA-8C57-4A0E-9EE6-8F47B4A32BF9}.Debug|Any CPU.ActiveCfg = Debug|Any CPU
		{597D4EBA-8C57-4A0E-9EE6-8F47B4A32BF9}.Debug|Any CPU.Build.0 = Debug|Any CPU
		{597D4EBA-8C57-4A0E-9EE6-8F47B4A32BF9}.Debug|x64.ActiveCfg = Debug|Any CPU
		{597D4EBA-8C57-4A0E-9EE6-8F47B4A32BF9}.Debug|x64.Build.0 = Debug|Any CPU
		{597D4EBA-8C57-4A0E-9EE6-8F47B4A32BF9}.Debug|x86.ActiveCfg = Debug|Any CPU
		{597D4EBA-8C57-4A0E-9EE6-8F47B4A32BF9}.Debug|x86.Build.0 = Debug|Any CPU
		{597D4EBA-8C57-4A0E-9EE6-8F47B4A32BF9}.Release|Any CPU.ActiveCfg = Release|Any CPU
		{597D4EBA-8C57-4A0E-9EE6-8F47B4A32BF9}.Release|Any CPU.Build.0 = Release|Any CPU
		{597D4EBA-8C57-4A0E-9EE6-8F47B4A32BF9}.Release|x64.ActiveCfg = Release|Any CPU
		{597D4EBA-8C57-4A0E-9EE6-8F47B4A32BF9}.Release|x64.Build.0 = Release|Any CPU
		{597D4EBA-8C57-4A0E-9EE6-8F47B4A32BF9}.Release|x86.ActiveCfg = Release|Any CPU
		{597D4EBA-8C57-4A0E-9EE6-8F47B4A32BF9}.Release|x86.Build.0 = Release|Any CPU
		{DBEF2BCB-4126-4281-A0FC-5B59FFDF4C76}.Debug|Any CPU.ActiveCfg = Debug|Any CPU
		{DBEF2BCB-4126-4281-A0FC-5B59FFDF4C76}.Debug|Any CPU.Build.0 = Debug|Any CPU
		{DBEF2BCB-4126-4281-A0FC-5B59FFDF4C76}.Debug|x64.ActiveCfg = Debug|Any CPU
		{DBEF2BCB-4126-4281-A0FC-5B59FFDF4C76}.Debug|x64.Build.0 = Debug|Any CPU
		{DBEF2BCB-4126-4281-A0FC-5B59FFDF4C76}.Debug|x86.ActiveCfg = Debug|Any CPU
		{DBEF2BCB-4126-4281-A0FC-5B59FFDF4C76}.Debug|x86.Build.0 = Debug|Any CPU
		{DBEF2BCB-4126-4281-A0FC-5B59FFDF4C76}.Release|Any CPU.ActiveCfg = Release|Any CPU
		{DBEF2BCB-4126-4281-A0FC-5B59FFDF4C76}.Release|Any CPU.Build.0 = Release|Any CPU
		{DBEF2BCB-4126-4281-A0FC-5B59FFDF4C76}.Release|x64.ActiveCfg = Release|Any CPU
		{DBEF2BCB-4126-4281-A0FC-5B59FFDF4C76}.Release|x64.Build.0 = Release|Any CPU
		{DBEF2BCB-4126-4281-A0FC-5B59FFDF4C76}.Release|x86.ActiveCfg = Release|Any CPU
		{DBEF2BCB-4126-4281-A0FC-5B59FFDF4C76}.Release|x86.Build.0 = Release|Any CPU
		{2E790365-1671-42FF-8CA0-FEE3C30450EC}.Debug|Any CPU.ActiveCfg = Debug|Any CPU
		{2E790365-1671-42FF-8CA0-FEE3C30450EC}.Debug|Any CPU.Build.0 = Debug|Any CPU
		{2E790365-1671-42FF-8CA0-FEE3C30450EC}.Debug|x64.ActiveCfg = Debug|Any CPU
		{2E790365-1671-42FF-8CA0-FEE3C30450EC}.Debug|x64.Build.0 = Debug|Any CPU
		{2E790365-1671-42FF-8CA0-FEE3C30450EC}.Debug|x86.ActiveCfg = Debug|Any CPU
		{2E790365-1671-42FF-8CA0-FEE3C30450EC}.Debug|x86.Build.0 = Debug|Any CPU
		{2E790365-1671-42FF-8CA0-FEE3C30450EC}.Release|Any CPU.ActiveCfg = Release|Any CPU
		{2E790365-1671-42FF-8CA0-FEE3C30450EC}.Release|Any CPU.Build.0 = Release|Any CPU
		{2E790365-1671-42FF-8CA0-FEE3C30450EC}.Release|x64.ActiveCfg = Release|Any CPU
		{2E790365-1671-42FF-8CA0-FEE3C30450EC}.Release|x64.Build.0 = Release|Any CPU
		{2E790365-1671-42FF-8CA0-FEE3C30450EC}.Release|x86.ActiveCfg = Release|Any CPU
		{2E790365-1671-42FF-8CA0-FEE3C30450EC}.Release|x86.Build.0 = Release|Any CPU
		{3198BF65-26B0-4872-BB42-602CA3EA8213}.Debug|Any CPU.ActiveCfg = Debug|Any CPU
		{3198BF65-26B0-4872-BB42-602CA3EA8213}.Debug|Any CPU.Build.0 = Debug|Any CPU
		{3198BF65-26B0-4872-BB42-602CA3EA8213}.Debug|x64.ActiveCfg = Debug|Any CPU
		{3198BF65-26B0-4872-BB42-602CA3EA8213}.Debug|x64.Build.0 = Debug|Any CPU
		{3198BF65-26B0-4872-BB42-602CA3EA8213}.Debug|x86.ActiveCfg = Debug|Any CPU
		{3198BF65-26B0-4872-BB42-602CA3EA8213}.Debug|x86.Build.0 = Debug|Any CPU
		{3198BF65-26B0-4872-BB42-602CA3EA8213}.Release|Any CPU.ActiveCfg = Release|Any CPU
		{3198BF65-26B0-4872-BB42-602CA3EA8213}.Release|Any CPU.Build.0 = Release|Any CPU
		{3198BF65-26B0-4872-BB42-602CA3EA8213}.Release|x64.ActiveCfg = Release|Any CPU
		{3198BF65-26B0-4872-BB42-602CA3EA8213}.Release|x64.Build.0 = Release|Any CPU
		{3198BF65-26B0-4872-BB42-602CA3EA8213}.Release|x86.ActiveCfg = Release|Any CPU
		{3198BF65-26B0-4872-BB42-602CA3EA8213}.Release|x86.Build.0 = Release|Any CPU
		{D8B3618F-C2C2-4BFF-A23A-A96FD63F5616}.Debug|Any CPU.ActiveCfg = Debug|Any CPU
		{D8B3618F-C2C2-4BFF-A23A-A96FD63F5616}.Debug|Any CPU.Build.0 = Debug|Any CPU
		{D8B3618F-C2C2-4BFF-A23A-A96FD63F5616}.Debug|x64.ActiveCfg = Debug|Any CPU
		{D8B3618F-C2C2-4BFF-A23A-A96FD63F5616}.Debug|x64.Build.0 = Debug|Any CPU
		{D8B3618F-C2C2-4BFF-A23A-A96FD63F5616}.Debug|x86.ActiveCfg = Debug|Any CPU
		{D8B3618F-C2C2-4BFF-A23A-A96FD63F5616}.Debug|x86.Build.0 = Debug|Any CPU
		{D8B3618F-C2C2-4BFF-A23A-A96FD63F5616}.Release|Any CPU.ActiveCfg = Release|Any CPU
		{D8B3618F-C2C2-4BFF-A23A-A96FD63F5616}.Release|Any CPU.Build.0 = Release|Any CPU
		{D8B3618F-C2C2-4BFF-A23A-A96FD63F5616}.Release|x64.ActiveCfg = Release|Any CPU
		{D8B3618F-C2C2-4BFF-A23A-A96FD63F5616}.Release|x64.Build.0 = Release|Any CPU
		{D8B3618F-C2C2-4BFF-A23A-A96FD63F5616}.Release|x86.ActiveCfg = Release|Any CPU
		{D8B3618F-C2C2-4BFF-A23A-A96FD63F5616}.Release|x86.Build.0 = Release|Any CPU
	EndGlobalSection
	GlobalSection(SolutionProperties) = preSolution
		HideSolutionNode = FALSE
	EndGlobalSection
	GlobalSection(NestedProjects) = preSolution
		{31BDE382-CC68-42C5-9DA2-30C55840998F} = {EDE0606A-F12A-4A87-A5B5-385AF8314154}
		{597D4EBA-8C57-4A0E-9EE6-8F47B4A32BF9} = {EDE0606A-F12A-4A87-A5B5-385AF8314154}
		{DBEF2BCB-4126-4281-A0FC-5B59FFDF4C76} = {EDE0606A-F12A-4A87-A5B5-385AF8314154}
		{2E790365-1671-42FF-8CA0-FEE3C30450EC} = {EDE0606A-F12A-4A87-A5B5-385AF8314154}
		{3198BF65-26B0-4872-BB42-602CA3EA8213} = {EDE0606A-F12A-4A87-A5B5-385AF8314154}
		{D8B3618F-C2C2-4BFF-A23A-A96FD63F5616} = {EDE0606A-F12A-4A87-A5B5-385AF8314154}
	EndGlobalSection
EndGlobal
